
Microsoft Visual Studio Solution File, Format Version 12.00
# Visual Studio Version 17
VisualStudioVersion = 17.1.32210.238
MinimumVisualStudioVersion = 10.0.40219.1
Project("{FAE04EC0-301F-11D3-BF4B-00C04F79EFBC}") = "DataLibrary", "DataLibrary\DataLibrary.csproj", "{420DDB3C-324E-4922-AD52-10706ABC77F3}"
EndProject
Project("{00D1A9C2-B5F0-4AF3-8072-F6C62B433612}") = "MVCVehicleDB", "MVCVehicleDB\MVCVehicleDB.sqlproj", "{312C7F17-8911-450C-905E-58604803375E}"
EndProject
Project("{FAE04EC0-301F-11D3-BF4B-00C04F79EFBC}") = "WebApplication3", "WebApplication3\WebApplication3.csproj", "{53761247-3C79-41F5-9CEC-C5545D96C259}"
EndProject
Global
	GlobalSection(SolutionConfigurationPlatforms) = preSolution
		Debug|Any CPU = Debug|Any CPU
		Release|Any CPU = Release|Any CPU
	EndGlobalSection
	GlobalSection(ProjectConfigurationPlatforms) = postSolution
		{420DDB3C-324E-4922-AD52-10706ABC77F3}.Debug|Any CPU.ActiveCfg = Debug|Any CPU
		{420DDB3C-324E-4922-AD52-10706ABC77F3}.Debug|Any CPU.Build.0 = Debug|Any CPU
		{420DDB3C-324E-4922-AD52-10706ABC77F3}.Release|Any CPU.ActiveCfg = Release|Any CPU
		{420DDB3C-324E-4922-AD52-10706ABC77F3}.Release|Any CPU.Build.0 = Release|Any CPU
		{312C7F17-8911-450C-905E-58604803375E}.Debug|Any CPU.ActiveCfg = Debug|Any CPU
		{312C7F17-8911-450C-905E-58604803375E}.Debug|Any CPU.Build.0 = Debug|Any CPU
		{312C7F17-8911-450C-905E-58604803375E}.Debug|Any CPU.Deploy.0 = Debug|Any CPU
		{312C7F17-8911-450C-905E-58604803375E}.Release|Any CPU.ActiveCfg = Release|Any CPU
		{312C7F17-8911-450C-905E-58604803375E}.Release|Any CPU.Build.0 = Release|Any CPU
		{312C7F17-8911-450C-905E-58604803375E}.Release|Any CPU.Deploy.0 = Release|Any CPU
		{53761247-3C79-41F5-9CEC-C5545D96C259}.Debug|Any CPU.ActiveCfg = Debug|Any CPU
		{53761247-3C79-41F5-9CEC-C5545D96C259}.Debug|Any CPU.Build.0 = Debug|Any CPU
		{53761247-3C79-41F5-9CEC-C5545D96C259}.Release|Any CPU.ActiveCfg = Release|Any CPU
		{53761247-3C79-41F5-9CEC-C5545D96C259}.Release|Any CPU.Build.0 = Release|Any CPU
	EndGlobalSection
	GlobalSection(SolutionProperties) = preSolution
		HideSolutionNode = FALSE
	EndGlobalSection
	GlobalSection(ExtensibilityGlobals) = postSolution
		SolutionGuid = {7DA7B93B-F2E8-46E1-8EDC-88DA252F1A5F}
	EndGlobalSection
EndGlobal
